
Microsoft Visual Studio Solution File, Format Version 12.00
# Visual Studio Version 16
VisualStudioVersion = 16.0.31613.86
MinimumVisualStudioVersion = 10.0.40219.1
Project("{FAE04EC0-301F-11D3-BF4B-00C04F79EFBC}") = "WebApp", "WebApplication1\WebApp.csproj", "{13331217-1CAC-4B8A-AA91-F3B33406AF98}"
EndProject
Global
	GlobalSection(SolutionConfigurationPlatforms) = preSolution
		Debug|Any CPU = Debug|Any CPU
		Release|Any CPU = Release|Any CPU
	EndGlobalSection
	GlobalSection(ProjectConfigurationPlatforms) = postSolution
		{13331217-1CAC-4B8A-AA91-F3B33406AF98}.Debug|Any CPU.ActiveCfg = Debug|Any CPU
		{13331217-1CAC-4B8A-AA91-F3B33406AF98}.Debug|Any CPU.Build.0 = Debug|Any CPU
		{13331217-1CAC-4B8A-AA91-F3B33406AF98}.Release|Any CPU.ActiveCfg = Release|Any CPU
		{13331217-1CAC-4B8A-AA91-F3B33406AF98}.Release|Any CPU.Build.0 = Release|Any CPU
	EndGlobalSection
	GlobalSection(SolutionProperties) = preSolution
		HideSolutionNode = FALSE
	EndGlobalSection
	GlobalSection(ExtensibilityGlobals) = postSolution
		SolutionGuid = {66F16741-9845-4003-8DC0-C9F81C91FC71}
	EndGlobalSection
EndGlobal
